
Microsoft Visual Studio Solution File, Format Version 12.00
# Visual Studio Version 17
VisualStudioVersion = 17.13.35825.156 d17.13
MinimumVisualStudioVersion = 10.0.40219.1
Project("{FAE04EC0-301F-11D3-BF4B-00C04F79EFBC}") = "App12COFFEE", "App12COFFEE.csproj", "{5C251C5D-48C9-4F82-8CE4-8F0F85B9BC05}"
EndProject
Global
	GlobalSection(SolutionConfigurationPlatforms) = preSolution
		Debug|Any CPU = Debug|Any CPU
		Release|Any CPU = Release|Any CPU
	EndGlobalSection
	GlobalSection(ProjectConfigurationPlatforms) = postSolution
		{5C251C5D-48C9-4F82-8CE4-8F0F85B9BC05}.Debug|Any CPU.ActiveCfg = Debug|Any CPU
		{5C251C5D-48C9-4F82-8CE4-8F0F85B9BC05}.Debug|Any CPU.Build.0 = Debug|Any CPU
		{5C251C5D-48C9-4F82-8CE4-8F0F85B9BC05}.Release|Any CPU.ActiveCfg = Release|Any CPU
		{5C251C5D-48C9-4F82-8CE4-8F0F85B9BC05}.Release|Any CPU.Build.0 = Release|Any CPU
	EndGlobalSection
	GlobalSection(SolutionProperties) = preSolution
		HideSolutionNode = FALSE
	EndGlobalSection
	GlobalSection(ExtensibilityGlobals) = postSolution
		SolutionGuid = {042BAFD0-D118-4A1A-96E3-DACDCB121809}
	EndGlobalSection
EndGlobal
